
Microsoft Visual Studio Solution File, Format Version 12.00
# Visual Studio Version 17
VisualStudioVersion = 17.5.002.0
MinimumVisualStudioVersion = 10.0.40219.1
Project("{9A19103F-16F7-4668-BE54-9A1E7A4F7556}") = "MyApp", "MyApp.csproj", "{B60502C2-2687-46D7-8DC6-6F0B05D6283D}"
EndProject
Global
	GlobalSection(SolutionConfigurationPlatforms) = preSolution
		Debug|Any CPU = Debug|Any CPU
		Release|Any CPU = Release|Any CPU
	EndGlobalSection
	GlobalSection(ProjectConfigurationPlatforms) = postSolution
		{B60502C2-2687-46D7-8DC6-6F0B05D6283D}.Debug|Any CPU.ActiveCfg = Debug|Any CPU
		{B60502C2-2687-46D7-8DC6-6F0B05D6283D}.Debug|Any CPU.Build.0 = Debug|Any CPU
		{B60502C2-2687-46D7-8DC6-6F0B05D6283D}.Release|Any CPU.ActiveCfg = Release|Any CPU
		{B60502C2-2687-46D7-8DC6-6F0B05D6283D}.Release|Any CPU.Build.0 = Release|Any CPU
	EndGlobalSection
	GlobalSection(SolutionProperties) = preSolution
		HideSolutionNode = FALSE
	EndGlobalSection
	GlobalSection(ExtensibilityGlobals) = postSolution
		SolutionGuid = {64CB5D1E-1321-465B-B482-BEAEC0E47A38}
	EndGlobalSection
EndGlobal
